// !$*UTF8*$!
{
	archiveVersion = 1;
	classes = {
	};
	objectVersion = 56;
	objects = {

/* Begin PBXBuildFile section */
		0B239D3729646B9000768B1C /* SDWebImageSwiftUI in Frameworks */ = {isa = PBXBuildFile; productRef = 0B239D3629646B9000768B1C /* SDWebImageSwiftUI */; };
		0B8304E1295F02E200C1CCAD /* QueryOption.swift in Sources */ = {isa = PBXBuildFile; fileRef = 0B8304E0295F02E200C1CCAD /* QueryOption.swift */; };
		0B8304E3295F03D800C1CCAD /* QuizGame.swift in Sources */ = {isa = PBXBuildFile; fileRef = 0B8304E2295F03D800C1CCAD /* QuizGame.swift */; };
		0B8304E5295F062300C1CCAD /* QuizGameViewModel.swift in Sources */ = {isa = PBXBuildFile; fileRef = 0B8304E4295F062300C1CCAD /* QuizGameViewModel.swift */; };
		0B83F990295DE6D0008DC762 /* AnswerView.swift in Sources */ = {isa = PBXBuildFile; fileRef = 0B83F98F295DE6D0008DC762 /* AnswerView.swift */; };
		0B83F994295DF805008DC762 /* StrokeText.swift in Sources */ = {isa = PBXBuildFile; fileRef = 0B83F993295DF805008DC762 /* StrokeText.swift */; };
		0BA23724296059560063922D /* ApiModel.swift in Sources */ = {isa = PBXBuildFile; fileRef = 0BA23723296059560063922D /* ApiModel.swift */; };
		9F21CFDC290EAE8400A47AC5 /* QuizAppApp.swift in Sources */ = {isa = PBXBuildFile; fileRef = 9F21CFDB290EAE8400A47AC5 /* QuizAppApp.swift */; };
		9F21CFDE290EAE8400A47AC5 /* ContentView.swift in Sources */ = {isa = PBXBuildFile; fileRef = 9F21CFDD290EAE8400A47AC5 /* ContentView.swift */; };
		9F21CFE0290EAE8700A47AC5 /* Assets.xcassets in Resources */ = {isa = PBXBuildFile; fileRef = 9F21CFDF290EAE8700A47AC5 /* Assets.xcassets */; };
		9F21CFE3290EAE8700A47AC5 /* Preview Assets.xcassets in Resources */ = {isa = PBXBuildFile; fileRef = 9F21CFE2290EAE8700A47AC5 /* Preview Assets.xcassets */; };
		9F3ABC24295DD08F00888778 /* GameView.swift in Sources */ = {isa = PBXBuildFile; fileRef = 9F3ABC23295DD08F00888778 /* GameView.swift */; };
		9F3ABC26295DD26900888778 /* QueryOptionView.swift in Sources */ = {isa = PBXBuildFile; fileRef = 9F3ABC25295DD26900888778 /* QueryOptionView.swift */; };
/* End PBXBuildFile section */

/* Begin PBXContainerItemProxy section */
		9F21CFFE290EB06D00A47AC5 /* PBXContainerItemProxy */ = {
			isa = PBXContainerItemProxy;
			containerPortal = 9F21CFFA290EB06D00A47AC5 /* Memorize.xcodeproj */;
			proxyType = 2;
			remoteGlobalIDString = 9F1AB87928E9EF57006B766D;
			remoteInfo = Memorize;
		};
/* End PBXContainerItemProxy section */

/* Begin PBXFileReference section */
		0B8304E0295F02E200C1CCAD /* QueryOption.swift */ = {isa = PBXFileReference; lastKnownFileType = sourcecode.swift; name = QueryOption.swift; path = QuizApp/Models/QueryOption.swift; sourceTree = SOURCE_ROOT; };
		0B8304E2295F03D800C1CCAD /* QuizGame.swift */ = {isa = PBXFileReference; lastKnownFileType = sourcecode.swift; name = QuizGame.swift; path = QuizApp/Models/QuizGame.swift; sourceTree = SOURCE_ROOT; };
		0B8304E4295F062300C1CCAD /* QuizGameViewModel.swift */ = {isa = PBXFileReference; lastKnownFileType = sourcecode.swift; name = QuizGameViewModel.swift; path = QuizApp/ViewModels/QuizGameViewModel.swift; sourceTree = SOURCE_ROOT; };
		0B83F98F295DE6D0008DC762 /* AnswerView.swift */ = {isa = PBXFileReference; lastKnownFileType = sourcecode.swift; path = AnswerView.swift; sourceTree = "<group>"; };
		0B83F993295DF805008DC762 /* StrokeText.swift */ = {isa = PBXFileReference; lastKnownFileType = sourcecode.swift; path = StrokeText.swift; sourceTree = "<group>"; };
		0BA23723296059560063922D /* ApiModel.swift */ = {isa = PBXFileReference; lastKnownFileType = sourcecode.swift; path = ApiModel.swift; sourceTree = "<group>"; };
		9F21CFD8290EAE8400A47AC5 /* QuizApp.app */ = {isa = PBXFileReference; explicitFileType = wrapper.application; includeInIndex = 0; path = QuizApp.app; sourceTree = BUILT_PRODUCTS_DIR; };
		9F21CFDB290EAE8400A47AC5 /* QuizAppApp.swift */ = {isa = PBXFileReference; lastKnownFileType = sourcecode.swift; path = QuizAppApp.swift; sourceTree = "<group>"; };
		9F21CFDD290EAE8400A47AC5 /* ContentView.swift */ = {isa = PBXFileReference; lastKnownFileType = sourcecode.swift; path = ContentView.swift; sourceTree = "<group>"; };
		9F21CFDF290EAE8700A47AC5 /* Assets.xcassets */ = {isa = PBXFileReference; lastKnownFileType = folder.assetcatalog; path = Assets.xcassets; sourceTree = "<group>"; };
		9F21CFE2290EAE8700A47AC5 /* Preview Assets.xcassets */ = {isa = PBXFileReference; lastKnownFileType = folder.assetcatalog; path = "Preview Assets.xcassets"; sourceTree = "<group>"; };
		9F21CFFA290EB06D00A47AC5 /* Memorize.xcodeproj */ = {isa = PBXFileReference; lastKnownFileType = "wrapper.pb-project"; name = Memorize.xcodeproj; path = ../../../../Memorize/Memorize.xcodeproj; sourceTree = "<group>"; };
		9F3ABC23295DD08F00888778 /* GameView.swift */ = {isa = PBXFileReference; lastKnownFileType = sourcecode.swift; path = GameView.swift; sourceTree = "<group>"; };
		9F3ABC25295DD26900888778 /* QueryOptionView.swift */ = {isa = PBXFileReference; lastKnownFileType = sourcecode.swift; path = QueryOptionView.swift; sourceTree = "<group>"; };
/* End PBXFileReference section */

/* Begin PBXFrameworksBuildPhase section */
		9F21CFD5290EAE8400A47AC5 /* Frameworks */ = {
			isa = PBXFrameworksBuildPhase;
			buildActionMask = 2147483647;
			files = (
				0B239D3729646B9000768B1C /* SDWebImageSwiftUI in Frameworks */,
			);
			runOnlyForDeploymentPostprocessing = 0;
		};
/* End PBXFrameworksBuildPhase section */

/* Begin PBXGroup section */
		0BA23721296058F80063922D /* ViewModels */ = {
			isa = PBXGroup;
			children = (
				0B8304E4295F062300C1CCAD /* QuizGameViewModel.swift */,
			);
			path = ViewModels;
			sourceTree = "<group>";
		};
		0BA237222960591D0063922D /* Models */ = {
			isa = PBXGroup;
			children = (
				0B8304E0295F02E200C1CCAD /* QueryOption.swift */,
				0B8304E2295F03D800C1CCAD /* QuizGame.swift */,
				0BA23723296059560063922D /* ApiModel.swift */,
			);
			path = Models;
			sourceTree = "<group>";
		};
		9F21CFCF290EAE8400A47AC5 = {
			isa = PBXGroup;
			children = (
				9F21CFDA290EAE8400A47AC5 /* QuizApp */,
				9F21CFD9290EAE8400A47AC5 /* Products */,
			);
			sourceTree = "<group>";
		};
		9F21CFD9290EAE8400A47AC5 /* Products */ = {
			isa = PBXGroup;
			children = (
				9F21CFD8290EAE8400A47AC5 /* QuizApp.app */,
			);
			name = Products;
			sourceTree = "<group>";
		};
		9F21CFDA290EAE8400A47AC5 /* QuizApp */ = {
			isa = PBXGroup;
			children = (
				0BA237222960591D0063922D /* Models */,
				0BA23721296058F80063922D /* ViewModels */,
				9F3ABC21295DC2A500888778 /* Views */,
				9F21CFDB290EAE8400A47AC5 /* QuizAppApp.swift */,
				9F21CFDD290EAE8400A47AC5 /* ContentView.swift */,
				9F21CFDF290EAE8700A47AC5 /* Assets.xcassets */,
				9F21CFE1290EAE8700A47AC5 /* Preview Content */,
			);
			path = QuizApp;
			sourceTree = "<group>";
		};
		9F21CFE1290EAE8700A47AC5 /* Preview Content */ = {
			isa = PBXGroup;
			children = (
				9F21CFF9290EB06C00A47AC5 /* Memorize */,
				9F21CFE2290EAE8700A47AC5 /* Preview Assets.xcassets */,
			);
			path = "Preview Content";
			sourceTree = "<group>";
		};
		9F21CFF9290EB06C00A47AC5 /* Memorize */ = {
			isa = PBXGroup;
			children = (
				9F21CFFA290EB06D00A47AC5 /* Memorize.xcodeproj */,
			);
			path = Memorize;
			sourceTree = "<group>";
		};
		9F21CFFB290EB06D00A47AC5 /* Products */ = {
			isa = PBXGroup;
			children = (
				9F21CFFF290EB06D00A47AC5 /* Memorize.app */,
			);
			name = Products;
			sourceTree = "<group>";
		};
		9F3ABC21295DC2A500888778 /* Views */ = {
			isa = PBXGroup;
			children = (
				9F3ABC23295DD08F00888778 /* GameView.swift */,
				9F3ABC25295DD26900888778 /* QueryOptionView.swift */,
				0B83F98F295DE6D0008DC762 /* AnswerView.swift */,
				0B83F993295DF805008DC762 /* StrokeText.swift */,
			);
			path = Views;
			sourceTree = "<group>";
		};
/* End PBXGroup section */

/* Begin PBXNativeTarget section */
		9F21CFD7290EAE8400A47AC5 /* QuizApp */ = {
			isa = PBXNativeTarget;
			buildConfigurationList = 9F21CFE6290EAE8700A47AC5 /* Build configuration list for PBXNativeTarget "QuizApp" */;
			buildPhases = (
				9F21CFD4290EAE8400A47AC5 /* Sources */,
				9F21CFD5290EAE8400A47AC5 /* Frameworks */,
				9F21CFD6290EAE8400A47AC5 /* Resources */,
			);
			buildRules = (
			);
			dependencies = (
			);
			name = QuizApp;
			packageProductDependencies = (
				0B239D3629646B9000768B1C /* SDWebImageSwiftUI */,
			);
			productName = QuizApp;
			productReference = 9F21CFD8290EAE8400A47AC5 /* QuizApp.app */;
			productType = "com.apple.product-type.application";
		};
/* End PBXNativeTarget section */

/* Begin PBXProject section */
		9F21CFD0290EAE8400A47AC5 /* Project object */ = {
			isa = PBXProject;
			attributes = {
				BuildIndependentTargetsInParallel = 1;
				LastSwiftUpdateCheck = 1400;
				LastUpgradeCheck = 1400;
				TargetAttributes = {
					9F21CFD7290EAE8400A47AC5 = {
						CreatedOnToolsVersion = 14.0.1;
					};
				};
			};
			buildConfigurationList = 9F21CFD3290EAE8400A47AC5 /* Build configuration list for PBXProject "QuizApp" */;
			compatibilityVersion = "Xcode 14.0";
			developmentRegion = en;
			hasScannedForEncodings = 0;
			knownRegions = (
				en,
				Base,
			);
			mainGroup = 9F21CFCF290EAE8400A47AC5;
			packageReferences = (
				0B239D3529646B9000768B1C /* XCRemoteSwiftPackageReference "SDWebImageSwiftUI" */,
			);
			productRefGroup = 9F21CFD9290EAE8400A47AC5 /* Products */;
			projectDirPath = "";
			projectReferences = (
				{
					ProductGroup = 9F21CFFB290EB06D00A47AC5 /* Products */;
					ProjectRef = 9F21CFFA290EB06D00A47AC5 /* Memorize.xcodeproj */;
				},
			);
			projectRoot = "";
			targets = (
				9F21CFD7290EAE8400A47AC5 /* QuizApp */,
			);
		};
/* End PBXProject section */

/* Begin PBXReferenceProxy section */
		9F21CFFF290EB06D00A47AC5 /* Memorize.app */ = {
			isa = PBXReferenceProxy;
			fileType = wrapper.application;
			path = Memorize.app;
			remoteRef = 9F21CFFE290EB06D00A47AC5 /* PBXContainerItemProxy */;
			sourceTree = BUILT_PRODUCTS_DIR;
		};
/* End PBXReferenceProxy section */

/* Begin PBXResourcesBuildPhase section */
		9F21CFD6290EAE8400A47AC5 /* Resources */ = {
			isa = PBXResourcesBuildPhase;
			buildActionMask = 2147483647;
			files = (
				9F21CFE3290EAE8700A47AC5 /* Preview Assets.xcassets in Resources */,
				9F21CFE0290EAE8700A47AC5 /* Assets.xcassets in Resources */,
			);
			runOnlyForDeploymentPostprocessing = 0;
		};
/* End PBXResourcesBuildPhase section */

/* Begin PBXSourcesBuildPhase section */
		9F21CFD4290EAE8400A47AC5 /* Sources */ = {
			isa = PBXSourcesBuildPhase;
			buildActionMask = 2147483647;
			files = (
				9F21CFDE290EAE8400A47AC5 /* ContentView.swift in Sources */,
				9F3ABC24295DD08F00888778 /* GameView.swift in Sources */,
				0B8304E5295F062300C1CCAD /* QuizGameViewModel.swift in Sources */,
				0B83F990295DE6D0008DC762 /* AnswerView.swift in Sources */,
				0BA23724296059560063922D /* ApiModel.swift in Sources */,
				0B8304E1295F02E200C1CCAD /* QueryOption.swift in Sources */,
				0B8304E3295F03D800C1CCAD /* QuizGame.swift in Sources */,
				9F3ABC26295DD26900888778 /* QueryOptionView.swift in Sources */,
				0B83F994295DF805008DC762 /* StrokeText.swift in Sources */,
				9F21CFDC290EAE8400A47AC5 /* QuizAppApp.swift in Sources */,
			);
			runOnlyForDeploymentPostprocessing = 0;
		};
/* End PBXSourcesBuildPhase section */

/* Begin XCBuildConfiguration section */
		9F21CFE4290EAE8700A47AC5 /* Debug */ = {
			isa = XCBuildConfiguration;
			buildSettings = {
				ALWAYS_SEARCH_USER_PATHS = NO;
				CLANG_ANALYZER_NONNULL = YES;
				CLANG_ANALYZER_NUMBER_OBJECT_CONVERSION = YES_AGGRESSIVE;
				CLANG_CXX_LANGUAGE_STANDARD = "gnu++20";
				CLANG_ENABLE_MODULES = YES;
				CLANG_ENABLE_OBJC_ARC = YES;
				CLANG_ENABLE_OBJC_WEAK = YES;
				CLANG_WARN_BLOCK_CAPTURE_AUTORELEASING = YES;
				CLANG_WARN_BOOL_CONVERSION = YES;
				CLANG_WARN_COMMA = YES;
				CLANG_WARN_CONSTANT_CONVERSION = YES;
				CLANG_WARN_DEPRECATED_OBJC_IMPLEMENTATIONS = YES;
				CLANG_WARN_DIRECT_OBJC_ISA_USAGE = YES_ERROR;
				CLANG_WARN_DOCUMENTATION_COMMENTS = YES;
				CLANG_WARN_EMPTY_BODY = YES;
				CLANG_WARN_ENUM_CONVERSION = YES;
				CLANG_WARN_INFINITE_RECURSION = YES;
				CLANG_WARN_INT_CONVERSION = YES;
				CLANG_WARN_NON_LITERAL_NULL_CONVERSION = YES;
				CLANG_WARN_OBJC_IMPLICIT_RETAIN_SELF = YES;
				CLANG_WARN_OBJC_LITERAL_CONVERSION = YES;
				CLANG_WARN_OBJC_ROOT_CLASS = YES_ERROR;
				CLANG_WARN_QUOTED_INCLUDE_IN_FRAMEWORK_HEADER = YES;
				CLANG_WARN_RANGE_LOOP_ANALYSIS = YES;
				CLANG_WARN_STRICT_PROTOTYPES = YES;
				CLANG_WARN_SUSPICIOUS_MOVE = YES;
				CLANG_WARN_UNGUARDED_AVAILABILITY = YES_AGGRESSIVE;
				CLANG_WARN_UNREACHABLE_CODE = YES;
				CLANG_WARN__DUPLICATE_METHOD_MATCH = YES;
				COPY_PHASE_STRIP = NO;
				DEBUG_INFORMATION_FORMAT = dwarf;
				ENABLE_STRICT_OBJC_MSGSEND = YES;
				ENABLE_TESTABILITY = YES;
				GCC_C_LANGUAGE_STANDARD = gnu11;
				GCC_DYNAMIC_NO_PIC = NO;
				GCC_NO_COMMON_BLOCKS = YES;
				GCC_OPTIMIZATION_LEVEL = 0;
				GCC_PREPROCESSOR_DEFINITIONS = (
					"DEBUG=1",
					"$(inherited)",
				);
				GCC_WARN_64_TO_32_BIT_CONVERSION = YES;
				GCC_WARN_ABOUT_RETURN_TYPE = YES_ERROR;
				GCC_WARN_UNDECLARED_SELECTOR = YES;
				GCC_WARN_UNINITIALIZED_AUTOS = YES_AGGRESSIVE;
				GCC_WARN_UNUSED_FUNCTION = YES;
				GCC_WARN_UNUSED_VARIABLE = YES;
				IPHONEOS_DEPLOYMENT_TARGET = 16.0;
				MTL_ENABLE_DEBUG_INFO = INCLUDE_SOURCE;
				MTL_FAST_MATH = YES;
				ONLY_ACTIVE_ARCH = YES;
				SDKROOT = iphoneos;
				SWIFT_ACTIVE_COMPILATION_CONDITIONS = DEBUG;
				SWIFT_OPTIMIZATION_LEVEL = "-Onone";
			};
			name = Debug;
		};
		9F21CFE5290EAE8700A47AC5 /* Release */ = {
			isa = XCBuildConfiguration;
			buildSettings = {
				ALWAYS_SEARCH_USER_PATHS = NO;
				CLANG_ANALYZER_NONNULL = YES;
				CLANG_ANALYZER_NUMBER_OBJECT_CONVERSION = YES_AGGRESSIVE;
				CLANG_CXX_LANGUAGE_STANDARD = "gnu++20";
				CLANG_ENABLE_MODULES = YES;
				CLANG_ENABLE_OBJC_ARC = YES;
				CLANG_ENABLE_OBJC_WEAK = YES;
				CLANG_WARN_BLOCK_CAPTURE_AUTORELEASING = YES;
				CLANG_WARN_BOOL_CONVERSION = YES;
				CLANG_WARN_COMMA = YES;
				CLANG_WARN_CONSTANT_CONVERSION = YES;
				CLANG_WARN_DEPRECATED_OBJC_IMPLEMENTATIONS = YES;
				CLANG_WARN_DIRECT_OBJC_ISA_USAGE = YES_ERROR;
				CLANG_WARN_DOCUMENTATION_COMMENTS = YES;
				CLANG_WARN_EMPTY_BODY = YES;
				CLANG_WARN_ENUM_CONVERSION = YES;
				CLANG_WARN_INFINITE_RECURSION = YES;
				CLANG_WARN_INT_CONVERSION = YES;
				CLANG_WARN_NON_LITERAL_NULL_CONVERSION = YES;
				CLANG_WARN_OBJC_IMPLICIT_RETAIN_SELF = YES;
				CLANG_WARN_OBJC_LITERAL_CONVERSION = YES;
				CLANG_WARN_OBJC_ROOT_CLASS = YES_ERROR;
				CLANG_WARN_QUOTED_INCLUDE_IN_FRAMEWORK_HEADER = YES;
				CLANG_WARN_RANGE_LOOP_ANALYSIS = YES;
				CLANG_WARN_STRICT_PROTOTYPES = YES;
				CLANG_WARN_SUSPICIOUS_MOVE = YES;
				CLANG_WARN_UNGUARDED_AVAILABILITY = YES_AGGRESSIVE;
				CLANG_WARN_UNREACHABLE_CODE = YES;
				CLANG_WARN__DUPLICATE_METHOD_MATCH = YES;
				COPY_PHASE_STRIP = NO;
				DEBUG_INFORMATION_FORMAT = "dwarf-with-dsym";
				ENABLE_NS_ASSERTIONS = NO;
				ENABLE_STRICT_OBJC_MSGSEND = YES;
				GCC_C_LANGUAGE_STANDARD = gnu11;
				GCC_NO_COMMON_BLOCKS = YES;
				GCC_WARN_64_TO_32_BIT_CONVERSION = YES;
				GCC_WARN_ABOUT_RETURN_TYPE = YES_ERROR;
				GCC_WARN_UNDECLARED_SELECTOR = YES;
				GCC_WARN_UNINITIALIZED_AUTOS = YES_AGGRESSIVE;
				GCC_WARN_UNUSED_FUNCTION = YES;
				GCC_WARN_UNUSED_VARIABLE = YES;
				IPHONEOS_DEPLOYMENT_TARGET = 16.0;
				MTL_ENABLE_DEBUG_INFO = NO;
				MTL_FAST_MATH = YES;
				SDKROOT = iphoneos;
				SWIFT_COMPILATION_MODE = wholemodule;
				SWIFT_OPTIMIZATION_LEVEL = "-O";
				VALIDATE_PRODUCT = YES;
			};
			name = Release;
		};
		9F21CFE7290EAE8700A47AC5 /* Debug */ = {
			isa = XCBuildConfiguration;
			buildSettings = {
				ASSETCATALOG_COMPILER_APPICON_NAME = AppIcon;
				ASSETCATALOG_COMPILER_GLOBAL_ACCENT_COLOR_NAME = AccentColor;
				CODE_SIGN_STYLE = Automatic;
				CURRENT_PROJECT_VERSION = 1;
				DEVELOPMENT_ASSET_PATHS = "\"QuizApp/Preview Content\"";
				DEVELOPMENT_TEAM = XZ5YQ7PNS9;
				ENABLE_PREVIEWS = YES;
				GENERATE_INFOPLIST_FILE = YES;
				INFOPLIST_KEY_UIApplicationSceneManifest_Generation = YES;
				INFOPLIST_KEY_UIApplicationSupportsIndirectInputEvents = YES;
				INFOPLIST_KEY_UILaunchScreen_Generation = YES;
				INFOPLIST_KEY_UISupportedInterfaceOrientations_iPad = "UIInterfaceOrientationPortrait UIInterfaceOrientationPortraitUpsideDown UIInterfaceOrientationLandscapeLeft UIInterfaceOrientationLandscapeRight";
				INFOPLIST_KEY_UISupportedInterfaceOrientations_iPhone = "UIInterfaceOrientationPortrait UIInterfaceOrientationLandscapeLeft UIInterfaceOrientationLandscapeRight";
				LD_RUNPATH_SEARCH_PATHS = (
					"$(inherited)",
					"@executable_path/Frameworks",
				);
				MARKETING_VERSION = 1.0;
				PRODUCT_BUNDLE_IDENTIFIER = "casdesmet-hotmail.com.QuizApp";
				PRODUCT_NAME = "$(TARGET_NAME)";
				SWIFT_EMIT_LOC_STRINGS = YES;
				SWIFT_VERSION = 5.0;
				TARGETED_DEVICE_FAMILY = "1,2";
			};
			name = Debug;
		};
		9F21CFE8290EAE8700A47AC5 /* Release */ = {
			isa = XCBuildConfiguration;
			buildSettings = {
				ASSETCATALOG_COMPILER_APPICON_NAME = AppIcon;
				ASSETCATALOG_COMPILER_GLOBAL_ACCENT_COLOR_NAME = AccentColor;
				CODE_SIGN_STYLE = Automatic;
				CURRENT_PROJECT_VERSION = 1;
				DEVELOPMENT_ASSET_PATHS = "\"QuizApp/Preview Content\"";
				DEVELOPMENT_TEAM = XZ5YQ7PNS9;
				ENABLE_PREVIEWS = YES;
				GENERATE_INFOPLIST_FILE = YES;
				INFOPLIST_KEY_UIApplicationSceneManifest_Generation = YES;
				INFOPLIST_KEY_UIApplicationSupportsIndirectInputEvents = YES;
				INFOPLIST_KEY_UILaunchScreen_Generation = YES;
				INFOPLIST_KEY_UISupportedInterfaceOrientations_iPad = "UIInterfaceOrientationPortrait UIInterfaceOrientationPortraitUpsideDown UIInterfaceOrientationLandscapeLeft UIInterfaceOrientationLandscapeRight";
				INFOPLIST_KEY_UISupportedInterfaceOrientations_iPhone = "UIInterfaceOrientationPortrait UIInterfaceOrientationLandscapeLeft UIInterfaceOrientationLandscapeRight";
				LD_RUNPATH_SEARCH_PATHS = (
					"$(inherited)",
					"@executable_path/Frameworks",
				);
				MARKETING_VERSION = 1.0;
				PRODUCT_BUNDLE_IDENTIFIER = "casdesmet-hotmail.com.QuizApp";
				PRODUCT_NAME = "$(TARGET_NAME)";
				SWIFT_EMIT_LOC_STRINGS = YES;
				SWIFT_VERSION = 5.0;
				TARGETED_DEVICE_FAMILY = "1,2";
			};
			name = Release;
		};
/* End XCBuildConfiguration section */

/* Begin XCConfigurationList section */
		9F21CFD3290EAE8400A47AC5 /* Build configuration list for PBXProject "QuizApp" */ = {
			isa = XCConfigurationList;
			buildConfigurations = (
				9F21CFE4290EAE8700A47AC5 /* Debug */,
				9F21CFE5290EAE8700A47AC5 /* Release */,
			);
			defaultConfigurationIsVisible = 0;
			defaultConfigurationName = Release;
		};
		9F21CFE6290EAE8700A47AC5 /* Build configuration list for PBXNativeTarget "QuizApp" */ = {
			isa = XCConfigurationList;
			buildConfigurations = (
				9F21CFE7290EAE8700A47AC5 /* Debug */,
				9F21CFE8290EAE8700A47AC5 /* Release */,
			);
			defaultConfigurationIsVisible = 0;
			defaultConfigurationName = Release;
		};
/* End XCConfigurationList section */

/* Begin XCRemoteSwiftPackageReference section */
		0B239D3529646B9000768B1C /* XCRemoteSwiftPackageReference "SDWebImageSwiftUI" */ = {
			isa = XCRemoteSwiftPackageReference;
			repositoryURL = "https://github.com/SDWebImage/SDWebImageSwiftUI.git";
			requirement = {
				kind = upToNextMajorVersion;
				minimumVersion = 2.0.0;
			};
		};
/* End XCRemoteSwiftPackageReference section */

/* Begin XCSwiftPackageProductDependency section */
		0B239D3629646B9000768B1C /* SDWebImageSwiftUI */ = {
			isa = XCSwiftPackageProductDependency;
			package = 0B239D3529646B9000768B1C /* XCRemoteSwiftPackageReference "SDWebImageSwiftUI" */;
			productName = SDWebImageSwiftUI;
		};
/* End XCSwiftPackageProductDependency section */
	};
	rootObject = 9F21CFD0290EAE8400A47AC5 /* Project object */;
}
